
Microsoft Visual Studio Solution File, Format Version 12.00
# Visual Studio Version 16
VisualStudioVersion = 16.0.33027.164
MinimumVisualStudioVersion = 10.0.40219.1
Project("{FAE04EC0-301F-11D3-BF4B-00C04F79EFBC}") = "OmokStandAlone", "OmokStandAlone\OmokStandAlone.csproj", "{350E34E6-C1FF-4163-A744-EE6251ADF52F}"
EndProject
Global
	GlobalSection(SolutionConfigurationPlatforms) = preSolution
		Debug|Any CPU = Debug|Any CPU
		Release|Any CPU = Release|Any CPU
	EndGlobalSection
	GlobalSection(ProjectConfigurationPlatforms) = postSolution
		{350E34E6-C1FF-4163-A744-EE6251ADF52F}.Debug|Any CPU.ActiveCfg = Debug|Any CPU
		{350E34E6-C1FF-4163-A744-EE6251ADF52F}.Debug|Any CPU.Build.0 = Debug|Any CPU
		{350E34E6-C1FF-4163-A744-EE6251ADF52F}.Release|Any CPU.ActiveCfg = Release|Any CPU
		{350E34E6-C1FF-4163-A744-EE6251ADF52F}.Release|Any CPU.Build.0 = Release|Any CPU
	EndGlobalSection
	GlobalSection(SolutionProperties) = preSolution
		HideSolutionNode = FALSE
	EndGlobalSection
	GlobalSection(ExtensibilityGlobals) = postSolution
		SolutionGuid = {2FC4C66D-7C6B-4729-811F-6FC3F7DD1C20}
	EndGlobalSection
EndGlobal
